// !$*UTF8*$!
{
	archiveVersion = 1;
	classes = {
	};
	objectVersion = 46;
	objects = {

/* Begin PBXBuildFile section */
		D465421BFA7FB2188BBA10C7 /* Pods_mutea.framework in Frameworks */ = {isa = PBXBuildFile; fileRef = 62B7343D245C8BAE41EF2D60 /* Pods_mutea.framework */; };
		FF6FBA511E1A3F7200D5BE17 /* AppDelegate.swift in Sources */ = {isa = PBXBuildFile; fileRef = FF6FBA501E1A3F7200D5BE17 /* AppDelegate.swift */; };
		FF6FBA541E1A401D00D5BE17 /* Main.storyboard in Resources */ = {isa = PBXBuildFile; fileRef = FF6FBA531E1A401D00D5BE17 /* Main.storyboard */; };
		FF6FBA571E1A405100D5BE17 /* Assets.xcassets in Resources */ = {isa = PBXBuildFile; fileRef = FF6FBA561E1A405100D5BE17 /* Assets.xcassets */; };
		FF6FBA5A1E1A409E00D5BE17 /* Localizable.strings in Resources */ = {isa = PBXBuildFile; fileRef = FF6FBA5C1E1A409E00D5BE17 /* Localizable.strings */; };
		FF6FBA5E1E1A40F100D5BE17 /* LaunchScreen.storyboard in Resources */ = {isa = PBXBuildFile; fileRef = FF6FBA5D1E1A40F100D5BE17 /* LaunchScreen.storyboard */; };
/* End PBXBuildFile section */

/* Begin PBXFileReference section */
		2583BEE9F26D56CA92DC5419 /* Pods-mutea.release.xcconfig */ = {isa = PBXFileReference; includeInIndex = 1; lastKnownFileType = text.xcconfig; name = "Pods-mutea.release.xcconfig"; path = "Pods/Target Support Files/Pods-mutea/Pods-mutea.release.xcconfig"; sourceTree = "<group>"; };
		62B7343D245C8BAE41EF2D60 /* Pods_mutea.framework */ = {isa = PBXFileReference; explicitFileType = wrapper.framework; includeInIndex = 0; path = Pods_mutea.framework; sourceTree = BUILT_PRODUCTS_DIR; };
		C900DB00F9A8E054F7A5B27E /* Pods-mutea.debug.xcconfig */ = {isa = PBXFileReference; includeInIndex = 1; lastKnownFileType = text.xcconfig; name = "Pods-mutea.debug.xcconfig"; path = "Pods/Target Support Files/Pods-mutea/Pods-mutea.debug.xcconfig"; sourceTree = "<group>"; };
		FF6FBA321E1A3AAB00D5BE17 /* mutea.app */ = {isa = PBXFileReference; explicitFileType = wrapper.application; includeInIndex = 0; path = mutea.app; sourceTree = BUILT_PRODUCTS_DIR; };
		FF6FBA411E1A3AAB00D5BE17 /* Info.plist */ = {isa = PBXFileReference; lastKnownFileType = text.plist.xml; path = Info.plist; sourceTree = "<group>"; };
		FF6FBA501E1A3F7200D5BE17 /* AppDelegate.swift */ = {isa = PBXFileReference; fileEncoding = 4; lastKnownFileType = sourcecode.swift; path = AppDelegate.swift; sourceTree = "<group>"; };
		FF6FBA531E1A401D00D5BE17 /* Main.storyboard */ = {isa = PBXFileReference; fileEncoding = 4; lastKnownFileType = file.storyboard; path = Main.storyboard; sourceTree = "<group>"; };
		FF6FBA561E1A405100D5BE17 /* Assets.xcassets */ = {isa = PBXFileReference; lastKnownFileType = folder.assetcatalog; path = Assets.xcassets; sourceTree = "<group>"; };
		FF6FBA5B1E1A409E00D5BE17 /* Base */ = {isa = PBXFileReference; lastKnownFileType = text.plist.strings; name = Base; path = Base.lproj/Localizable.strings; sourceTree = "<group>"; };
		FF6FBA5D1E1A40F100D5BE17 /* LaunchScreen.storyboard */ = {isa = PBXFileReference; fileEncoding = 4; lastKnownFileType = file.storyboard; path = LaunchScreen.storyboard; sourceTree = "<group>"; };
/* End PBXFileReference section */

/* Begin PBXFrameworksBuildPhase section */
		FF6FBA2F1E1A3AAB00D5BE17 /* Frameworks */ = {
			isa = PBXFrameworksBuildPhase;
			buildActionMask = 2147483647;
			files = (
				D465421BFA7FB2188BBA10C7 /* Pods_mutea.framework in Frameworks */,
			);
			runOnlyForDeploymentPostprocessing = 0;
		};
/* End PBXFrameworksBuildPhase section */

/* Begin PBXGroup section */
		1BC894B00A2DBCD6C2F45E73 /* Frameworks */ = {
			isa = PBXGroup;
			children = (
				62B7343D245C8BAE41EF2D60 /* Pods_mutea.framework */,
			);
			name = Frameworks;
			sourceTree = "<group>";
		};
		205E7ABC57297F7A199CA6EC /* Pods */ = {
			isa = PBXGroup;
			children = (
				C900DB00F9A8E054F7A5B27E /* Pods-mutea.debug.xcconfig */,
				2583BEE9F26D56CA92DC5419 /* Pods-mutea.release.xcconfig */,
			);
			name = Pods;
			sourceTree = "<group>";
		};
		FF6FBA291E1A3AAB00D5BE17 = {
			isa = PBXGroup;
			children = (
				FF6FBA341E1A3AAB00D5BE17 /* mutea */,
				FF6FBA331E1A3AAB00D5BE17 /* Products */,
				205E7ABC57297F7A199CA6EC /* Pods */,
				1BC894B00A2DBCD6C2F45E73 /* Frameworks */,
			);
			sourceTree = "<group>";
		};
		FF6FBA331E1A3AAB00D5BE17 /* Products */ = {
			isa = PBXGroup;
			children = (
				FF6FBA321E1A3AAB00D5BE17 /* mutea.app */,
			);
			name = Products;
			sourceTree = "<group>";
		};
		FF6FBA341E1A3AAB00D5BE17 /* mutea */ = {
			isa = PBXGroup;
			children = (
				FF6FBA4D1E1A3F5200D5BE17 /* Controllers */,
				FF6FBA4E1E1A3F5200D5BE17 /* Models */,
				FF6FBA4F1E1A3F5200D5BE17 /* Screens */,
				FF6FBA551E1A403F00D5BE17 /* Resources */,
				FF6FBA411E1A3AAB00D5BE17 /* Info.plist */,
			);
			path = mutea;
			sourceTree = "<group>";
		};
		FF6FBA4D1E1A3F5200D5BE17 /* Controllers */ = {
			isa = PBXGroup;
			children = (
				FF6FBA501E1A3F7200D5BE17 /* AppDelegate.swift */,
			);
			path = Controllers;
			sourceTree = "<group>";
		};
		FF6FBA4E1E1A3F5200D5BE17 /* Models */ = {
			isa = PBXGroup;
			children = (
			);
			path = Models;
			sourceTree = "<group>";
		};
		FF6FBA4F1E1A3F5200D5BE17 /* Screens */ = {
			isa = PBXGroup;
			children = (
				FF6FBA521E1A401100D5BE17 /* Main */,
			);
			path = Screens;
			sourceTree = "<group>";
		};
		FF6FBA521E1A401100D5BE17 /* Main */ = {
			isa = PBXGroup;
			children = (
				FF6FBA531E1A401D00D5BE17 /* Main.storyboard */,
			);
			path = Main;
			sourceTree = "<group>";
		};
		FF6FBA551E1A403F00D5BE17 /* Resources */ = {
			isa = PBXGroup;
			children = (
				FF6FBA561E1A405100D5BE17 /* Assets.xcassets */,
				FF6FBA5C1E1A409E00D5BE17 /* Localizable.strings */,
				FF6FBA5D1E1A40F100D5BE17 /* LaunchScreen.storyboard */,
			);
			path = Resources;
			sourceTree = "<group>";
		};
/* End PBXGroup section */

/* Begin PBXNativeTarget section */
		FF6FBA311E1A3AAB00D5BE17 /* mutea */ = {
			isa = PBXNativeTarget;
			buildConfigurationList = FF6FBA441E1A3AAB00D5BE17 /* Build configuration list for PBXNativeTarget "mutea" */;
			buildPhases = (
				02760B80E759A558D2E6BF0B /* [CP] Check Pods Manifest.lock */,
				FF6FBA2E1E1A3AAB00D5BE17 /* Sources */,
				FF6FBA2F1E1A3AAB00D5BE17 /* Frameworks */,
				FF6FBA301E1A3AAB00D5BE17 /* Resources */,
				9A7774979BE5A1408D8B0A71 /* [CP] Embed Pods Frameworks */,
				41258465AB3E33935FC96C69 /* [CP] Copy Pods Resources */,
			);
			buildRules = (
			);
			dependencies = (
			);
			name = mutea;
			productName = mutea;
			productReference = FF6FBA321E1A3AAB00D5BE17 /* mutea.app */;
			productType = "com.apple.product-type.application";
		};
/* End PBXNativeTarget section */

/* Begin PBXProject section */
		FF6FBA2A1E1A3AAB00D5BE17 /* Project object */ = {
			isa = PBXProject;
			attributes = {
				LastSwiftUpdateCheck = 0820;
				LastUpgradeCheck = 0820;
				ORGANIZATIONNAME = "Alexander Gorbunov";
				TargetAttributes = {
					FF6FBA311E1A3AAB00D5BE17 = {
						CreatedOnToolsVersion = 8.2.1;
						DevelopmentTeam = GUCJ7YDNMH;
						LastSwiftMigration = 0820;
						ProvisioningStyle = Automatic;
					};
				};
			};
			buildConfigurationList = FF6FBA2D1E1A3AAB00D5BE17 /* Build configuration list for PBXProject "mutea" */;
			compatibilityVersion = "Xcode 3.2";
			developmentRegion = English;
			hasScannedForEncodings = 0;
			knownRegions = (
				en,
				Base,
			);
			mainGroup = FF6FBA291E1A3AAB00D5BE17;
			productRefGroup = FF6FBA331E1A3AAB00D5BE17 /* Products */;
			projectDirPath = "";
			projectRoot = "";
			targets = (
				FF6FBA311E1A3AAB00D5BE17 /* mutea */,
			);
		};
/* End PBXProject section */

/* Begin PBXResourcesBuildPhase section */
		FF6FBA301E1A3AAB00D5BE17 /* Resources */ = {
			isa = PBXResourcesBuildPhase;
			buildActionMask = 2147483647;
			files = (
				FF6FBA541E1A401D00D5BE17 /* Main.storyboard in Resources */,
				FF6FBA5E1E1A40F100D5BE17 /* LaunchScreen.storyboard in Resources */,
				FF6FBA5A1E1A409E00D5BE17 /* Localizable.strings in Resources */,
				FF6FBA571E1A405100D5BE17 /* Assets.xcassets in Resources */,
			);
			runOnlyForDeploymentPostprocessing = 0;
		};
/* End PBXResourcesBuildPhase section */

/* Begin PBXShellScriptBuildPhase section */
		02760B80E759A558D2E6BF0B /* [CP] Check Pods Manifest.lock */ = {
			isa = PBXShellScriptBuildPhase;
			buildActionMask = 2147483647;
			files = (
			);
			inputPaths = (
			);
			name = "[CP] Check Pods Manifest.lock";
			outputPaths = (
			);
			runOnlyForDeploymentPostprocessing = 0;
			shellPath = /bin/sh;
			shellScript = "diff \"${PODS_ROOT}/../Podfile.lock\" \"${PODS_ROOT}/Manifest.lock\" > /dev/null\nif [ $? != 0 ] ; then\n    # print error to STDERR\n    echo \"error: The sandbox is not in sync with the Podfile.lock. Run 'pod install' or update your CocoaPods installation.\" >&2\n    exit 1\nfi\n";
			showEnvVarsInLog = 0;
		};
		41258465AB3E33935FC96C69 /* [CP] Copy Pods Resources */ = {
			isa = PBXShellScriptBuildPhase;
			buildActionMask = 2147483647;
			files = (
			);
			inputPaths = (
			);
			name = "[CP] Copy Pods Resources";
			outputPaths = (
			);
			runOnlyForDeploymentPostprocessing = 0;
			shellPath = /bin/sh;
			shellScript = "\"${SRCROOT}/Pods/Target Support Files/Pods-mutea/Pods-mutea-resources.sh\"\n";
			showEnvVarsInLog = 0;
		};
		9A7774979BE5A1408D8B0A71 /* [CP] Embed Pods Frameworks */ = {
			isa = PBXShellScriptBuildPhase;
			buildActionMask = 2147483647;
			files = (
			);
			inputPaths = (
			);
			name = "[CP] Embed Pods Frameworks";
			outputPaths = (
			);
			runOnlyForDeploymentPostprocessing = 0;
			shellPath = /bin/sh;
			shellScript = "\"${SRCROOT}/Pods/Target Support Files/Pods-mutea/Pods-mutea-frameworks.sh\"\n";
			showEnvVarsInLog = 0;
		};
/* End PBXShellScriptBuildPhase section */

/* Begin PBXSourcesBuildPhase section */
		FF6FBA2E1E1A3AAB00D5BE17 /* Sources */ = {
			isa = PBXSourcesBuildPhase;
			buildActionMask = 2147483647;
			files = (
				FF6FBA511E1A3F7200D5BE17 /* AppDelegate.swift in Sources */,
			);
			runOnlyForDeploymentPostprocessing = 0;
		};
/* End PBXSourcesBuildPhase section */

/* Begin PBXVariantGroup section */
		FF6FBA5C1E1A409E00D5BE17 /* Localizable.strings */ = {
			isa = PBXVariantGroup;
			children = (
				FF6FBA5B1E1A409E00D5BE17 /* Base */,
			);
			name = Localizable.strings;
			sourceTree = "<group>";
		};
/* End PBXVariantGroup section */

/* Begin XCBuildConfiguration section */
		FF6FBA421E1A3AAB00D5BE17 /* Debug */ = {
			isa = XCBuildConfiguration;
			buildSettings = {
				ALWAYS_SEARCH_USER_PATHS = NO;
				CLANG_ANALYZER_NONNULL = YES;
				CLANG_CXX_LANGUAGE_STANDARD = "gnu++0x";
				CLANG_CXX_LIBRARY = "libc++";
				CLANG_ENABLE_MODULES = YES;
				CLANG_ENABLE_OBJC_ARC = YES;
				CLANG_WARN_BOOL_CONVERSION = YES;
				CLANG_WARN_CONSTANT_CONVERSION = YES;
				CLANG_WARN_DIRECT_OBJC_ISA_USAGE = YES_ERROR;
				CLANG_WARN_DOCUMENTATION_COMMENTS = YES;
				CLANG_WARN_EMPTY_BODY = YES;
				CLANG_WARN_ENUM_CONVERSION = YES;
				CLANG_WARN_INFINITE_RECURSION = YES;
				CLANG_WARN_INT_CONVERSION = YES;
				CLANG_WARN_OBJC_ROOT_CLASS = YES_ERROR;
				CLANG_WARN_SUSPICIOUS_MOVE = YES;
				CLANG_WARN_UNREACHABLE_CODE = YES;
				CLANG_WARN__DUPLICATE_METHOD_MATCH = YES;
				"CODE_SIGN_IDENTITY[sdk=iphoneos*]" = "iPhone Developer";
				COPY_PHASE_STRIP = NO;
				DEBUG_INFORMATION_FORMAT = dwarf;
				ENABLE_STRICT_OBJC_MSGSEND = YES;
				ENABLE_TESTABILITY = YES;
				GCC_C_LANGUAGE_STANDARD = gnu99;
				GCC_DYNAMIC_NO_PIC = NO;
				GCC_NO_COMMON_BLOCKS = YES;
				GCC_OPTIMIZATION_LEVEL = 0;
				GCC_PREPROCESSOR_DEFINITIONS = (
					"DEBUG=1",
					"$(inherited)",
				);
				GCC_WARN_64_TO_32_BIT_CONVERSION = YES;
				GCC_WARN_ABOUT_RETURN_TYPE = YES_ERROR;
				GCC_WARN_UNDECLARED_SELECTOR = YES;
				GCC_WARN_UNINITIALIZED_AUTOS = YES_AGGRESSIVE;
				GCC_WARN_UNUSED_FUNCTION = YES;
				GCC_WARN_UNUSED_VARIABLE = YES;
				IPHONEOS_DEPLOYMENT_TARGET = 9.0;
				MTL_ENABLE_DEBUG_INFO = YES;
				ONLY_ACTIVE_ARCH = YES;
				SDKROOT = iphoneos;
				SWIFT_ACTIVE_COMPILATION_CONDITIONS = DEBUG;
				SWIFT_OPTIMIZATION_LEVEL = "-Onone";
				TARGETED_DEVICE_FAMILY = "1,2";
			};
			name = Debug;
		};
		FF6FBA431E1A3AAB00D5BE17 /* Release */ = {
			isa = XCBuildConfiguration;
			buildSettings = {
				ALWAYS_SEARCH_USER_PATHS = NO;
				CLANG_ANALYZER_NONNULL = YES;
				CLANG_CXX_LANGUAGE_STANDARD = "gnu++0x";
				CLANG_CXX_LIBRARY = "libc++";
				CLANG_ENABLE_MODULES = YES;
				CLANG_ENABLE_OBJC_ARC = YES;
				CLANG_WARN_BOOL_CONVERSION = YES;
				CLANG_WARN_CONSTANT_CONVERSION = YES;
				CLANG_WARN_DIRECT_OBJC_ISA_USAGE = YES_ERROR;
				CLANG_WARN_DOCUMENTATION_COMMENTS = YES;
				CLANG_WARN_EMPTY_BODY = YES;
				CLANG_WARN_ENUM_CONVERSION = YES;
				CLANG_WARN_INFINITE_RECURSION = YES;
				CLANG_WARN_INT_CONVERSION = YES;
				CLANG_WARN_OBJC_ROOT_CLASS = YES_ERROR;
				CLANG_WARN_SUSPICIOUS_MOVE = YES;
				CLANG_WARN_UNREACHABLE_CODE = YES;
				CLANG_WARN__DUPLICATE_METHOD_MATCH = YES;
				"CODE_SIGN_IDENTITY[sdk=iphoneos*]" = "iPhone Developer";
				COPY_PHASE_STRIP = NO;
				DEBUG_INFORMATION_FORMAT = "dwarf-with-dsym";
				ENABLE_NS_ASSERTIONS = NO;
				ENABLE_STRICT_OBJC_MSGSEND = YES;
				GCC_C_LANGUAGE_STANDARD = gnu99;
				GCC_NO_COMMON_BLOCKS = YES;
				GCC_WARN_64_TO_32_BIT_CONVERSION = YES;
				GCC_WARN_ABOUT_RETURN_TYPE = YES_ERROR;
				GCC_WARN_UNDECLARED_SELECTOR = YES;
				GCC_WARN_UNINITIALIZED_AUTOS = YES_AGGRESSIVE;
				GCC_WARN_UNUSED_FUNCTION = YES;
				GCC_WARN_UNUSED_VARIABLE = YES;
				IPHONEOS_DEPLOYMENT_TARGET = 9.0;
				MTL_ENABLE_DEBUG_INFO = NO;
				SDKROOT = iphoneos;
				SWIFT_OPTIMIZATION_LEVEL = "-Owholemodule";
				TARGETED_DEVICE_FAMILY = "1,2";
				VALIDATE_PRODUCT = YES;
			};
			name = Release;
		};
		FF6FBA451E1A3AAB00D5BE17 /* Debug */ = {
			isa = XCBuildConfiguration;
			baseConfigurationReference = C900DB00F9A8E054F7A5B27E /* Pods-mutea.debug.xcconfig */;
			buildSettings = {
				ALWAYS_EMBED_SWIFT_STANDARD_LIBRARIES = YES;
				ASSETCATALOG_COMPILER_APPICON_NAME = AppIcon;
				CLANG_ENABLE_MODULES = YES;
				DEVELOPMENT_TEAM = GUCJ7YDNMH;
				INFOPLIST_FILE = mutea/Info.plist;
				LD_RUNPATH_SEARCH_PATHS = "$(inherited) @executable_path/Frameworks";
				PRODUCT_BUNDLE_IDENTIFIER = com.agorbunov.mutea;
				PRODUCT_NAME = "$(TARGET_NAME)";
				SWIFT_OPTIMIZATION_LEVEL = "-Onone";
				SWIFT_VERSION = 3.0;
			};
			name = Debug;
		};
		FF6FBA461E1A3AAB00D5BE17 /* Release */ = {
			isa = XCBuildConfiguration;
			baseConfigurationReference = 2583BEE9F26D56CA92DC5419 /* Pods-mutea.release.xcconfig */;
			buildSettings = {
				ALWAYS_EMBED_SWIFT_STANDARD_LIBRARIES = YES;
				ASSETCATALOG_COMPILER_APPICON_NAME = AppIcon;
				CLANG_ENABLE_MODULES = YES;
				DEVELOPMENT_TEAM = GUCJ7YDNMH;
				INFOPLIST_FILE = mutea/Info.plist;
				LD_RUNPATH_SEARCH_PATHS = "$(inherited) @executable_path/Frameworks";
				PRODUCT_BUNDLE_IDENTIFIER = com.agorbunov.mutea;
				PRODUCT_NAME = "$(TARGET_NAME)";
				SWIFT_VERSION = 3.0;
			};
			name = Release;
		};
/* End XCBuildConfiguration section */

/* Begin XCConfigurationList section */
		FF6FBA2D1E1A3AAB00D5BE17 /* Build configuration list for PBXProject "mutea" */ = {
			isa = XCConfigurationList;
			buildConfigurations = (
				FF6FBA421E1A3AAB00D5BE17 /* Debug */,
				FF6FBA431E1A3AAB00D5BE17 /* Release */,
			);
			defaultConfigurationIsVisible = 0;
			defaultConfigurationName = Release;
		};
		FF6FBA441E1A3AAB00D5BE17 /* Build configuration list for PBXNativeTarget "mutea" */ = {
			isa = XCConfigurationList;
			buildConfigurations = (
				FF6FBA451E1A3AAB00D5BE17 /* Debug */,
				FF6FBA461E1A3AAB00D5BE17 /* Release */,
			);
			defaultConfigurationIsVisible = 0;
			defaultConfigurationName = Release;
		};
/* End XCConfigurationList section */
	};
	rootObject = FF6FBA2A1E1A3AAB00D5BE17 /* Project object */;
}
