PODS:
  - CocoaLumberjack (3.2.0):
    - CocoaLumberjack/Default (= 3.2.0)
    - CocoaLumberjack/Extensions (= 3.2.0)
  - CocoaLumberjack/Default (3.2.0)
  - CocoaLumberjack/Extensions (3.2.0):
    - CocoaLumberjack/Default
  - Nimble (7.0.1)
  - Quick (1.1.0)
  - RxSwift (3.6.0)

DEPENDENCIES:
  - CocoaLumberjack (~> 3.2.0)
  - Nimble (~> 7.0.1)
  - Quick (~> 1.1.0)
  - RxSwift (~> 3.6.0)

SPEC CHECKSUMS:
  CocoaLumberjack: 9b4aed7073d242f29cc2f62068d995faf67f703a
  Nimble: 657d000e11df8aebe27cdaf9d244de7f30ed87f7
  Quick: dafc587e21eed9f4cab3249b9f9015b0b7a7f71d
  RxSwift: a0925c7fb11fbe60055285f6f2062241aa37a175

PODFILE CHECKSUM: 48dfe9b3e3c7968c88b0c037e425b8995194e5a6

COCOAPODS: 1.2.1
